
Microsoft Visual Studio Solution File, Format Version 12.00
# Visual Studio Version 16
VisualStudioVersion = 16.0.30907.101
MinimumVisualStudioVersion = 10.0.40219.1
Project("{FAE04EC0-301F-11D3-BF4B-00C04F79EFBC}") = "Prime Legal", "Prime Legal\Prime Legal.csproj", "{BD106D4E-E755-4C9E-B628-C162B3C9A4D5}"
EndProject
Global
	GlobalSection(SolutionConfigurationPlatforms) = preSolution
		Debug|Any CPU = Debug|Any CPU
		Release|Any CPU = Release|Any CPU
	EndGlobalSection
	GlobalSection(ProjectConfigurationPlatforms) = postSolution
		{BD106D4E-E755-4C9E-B628-C162B3C9A4D5}.Debug|Any CPU.ActiveCfg = Debug|Any CPU
		{BD106D4E-E755-4C9E-B628-C162B3C9A4D5}.Debug|Any CPU.Build.0 = Debug|Any CPU
		{BD106D4E-E755-4C9E-B628-C162B3C9A4D5}.Release|Any CPU.ActiveCfg = Release|Any CPU
		{BD106D4E-E755-4C9E-B628-C162B3C9A4D5}.Release|Any CPU.Build.0 = Release|Any CPU
	EndGlobalSection
	GlobalSection(SolutionProperties) = preSolution
		HideSolutionNode = FALSE
	EndGlobalSection
	GlobalSection(ExtensibilityGlobals) = postSolution
		SolutionGuid = {7DA89730-DEA5-49B6-8C98-67169BD646B4}
	EndGlobalSection
EndGlobal
